
Microsoft Visual Studio Solution File, Format Version 12.00
# Visual Studio 15
VisualStudioVersion = 15.0.28307.779
MinimumVisualStudioVersion = 10.0.40219.1
Project("{FAE04EC0-301F-11D3-BF4B-00C04F79EFBC}") = "TelegramReferralBot", "TelegramReferralBot\TelegramReferralBot.csproj", "{B6789FB9-38A8-44A9-9323-BC03BE758180}"
EndProject
Global
	GlobalSection(SolutionConfigurationPlatforms) = preSolution
		Debug|Any CPU = Debug|Any CPU
		Release|Any CPU = Release|Any CPU
	EndGlobalSection
	GlobalSection(ProjectConfigurationPlatforms) = postSolution
		{B6789FB9-38A8-44A9-9323-BC03BE758180}.Debug|Any CPU.ActiveCfg = Debug|Any CPU
		{B6789FB9-38A8-44A9-9323-BC03BE758180}.Debug|Any CPU.Build.0 = Debug|Any CPU
		{B6789FB9-38A8-44A9-9323-BC03BE758180}.Release|Any CPU.ActiveCfg = Release|Any CPU
		{B6789FB9-38A8-44A9-9323-BC03BE758180}.Release|Any CPU.Build.0 = Release|Any CPU
	EndGlobalSection
	GlobalSection(SolutionProperties) = preSolution
		HideSolutionNode = FALSE
	EndGlobalSection
	GlobalSection(ExtensibilityGlobals) = postSolution
		SolutionGuid = {468E3FDF-5F56-4E8F-AE5C-1932824E569E}
	EndGlobalSection
EndGlobal
